
Microsoft Visual Studio Solution File, Format Version 12.00
# Visual Studio Version 17
VisualStudioVersion = 17.9.34728.123
MinimumVisualStudioVersion = 10.0.40219.1
Project("{FAE04EC0-301F-11D3-BF4B-00C04F79EFBC}") = "CourierLogistic", "CourierLogistic.csproj", "{38B59F29-1134-4136-90D1-74F221D06874}"
EndProject
Global
	GlobalSection(SolutionConfigurationPlatforms) = preSolution
		Debug|Any CPU = Debug|Any CPU
		Release|Any CPU = Release|Any CPU
	EndGlobalSection
	GlobalSection(ProjectConfigurationPlatforms) = postSolution
		{38B59F29-1134-4136-90D1-74F221D06874}.Debug|Any CPU.ActiveCfg = Debug|Any CPU
		{38B59F29-1134-4136-90D1-74F221D06874}.Debug|Any CPU.Build.0 = Debug|Any CPU
		{38B59F29-1134-4136-90D1-74F221D06874}.Release|Any CPU.ActiveCfg = Release|Any CPU
		{38B59F29-1134-4136-90D1-74F221D06874}.Release|Any CPU.Build.0 = Release|Any CPU
	EndGlobalSection
	GlobalSection(SolutionProperties) = preSolution
		HideSolutionNode = FALSE
	EndGlobalSection
	GlobalSection(ExtensibilityGlobals) = postSolution
		SolutionGuid = {DBC472EB-B5D0-4323-828D-E1CC74181414}
	EndGlobalSection
EndGlobal
